
Microsoft Visual Studio Solution File, Format Version 12.00
# Visual Studio Version 17
VisualStudioVersion = 17.4.33213.308
MinimumVisualStudioVersion = 10.0.40219.1
Project("{FAE04EC0-301F-11D3-BF4B-00C04F79EFBC}") = "OpenWeatherAPI", "OpenWeatherAPI\OpenWeatherAPI.csproj", "{741DB9E4-2A93-464C-8D2E-9AD4820068D2}"
EndProject
Global
	GlobalSection(SolutionConfigurationPlatforms) = preSolution
		Debug|Any CPU = Debug|Any CPU
		Release|Any CPU = Release|Any CPU
	EndGlobalSection
	GlobalSection(ProjectConfigurationPlatforms) = postSolution
		{741DB9E4-2A93-464C-8D2E-9AD4820068D2}.Debug|Any CPU.ActiveCfg = Debug|Any CPU
		{741DB9E4-2A93-464C-8D2E-9AD4820068D2}.Debug|Any CPU.Build.0 = Debug|Any CPU
		{741DB9E4-2A93-464C-8D2E-9AD4820068D2}.Release|Any CPU.ActiveCfg = Release|Any CPU
		{741DB9E4-2A93-464C-8D2E-9AD4820068D2}.Release|Any CPU.Build.0 = Release|Any CPU
	EndGlobalSection
	GlobalSection(SolutionProperties) = preSolution
		HideSolutionNode = FALSE
	EndGlobalSection
	GlobalSection(ExtensibilityGlobals) = postSolution
		SolutionGuid = {63031BFA-4626-4E5E-BA42-F2F51C07A31E}
	EndGlobalSection
EndGlobal
